// !$*UTF8*$!
{
	archiveVersion = 1;
	classes = {
	};
	objectVersion = 56;
	objects = {

/* Begin PBXBuildFile section */
		AF9644F729AB2734004B9F6E /* SBQuickLook in Frameworks */ = {isa = PBXBuildFile; productRef = AF9644F629AB2734004B9F6E /* SBQuickLook */; };
		AFD908F529A7F9D2009AF577 /* SBQuickLook_ExampleApp.swift in Sources */ = {isa = PBXBuildFile; fileRef = AFD908F429A7F9D2009AF577 /* SBQuickLook_ExampleApp.swift */; };
		AFD908F729A7F9D2009AF577 /* ContentView.swift in Sources */ = {isa = PBXBuildFile; fileRef = AFD908F629A7F9D2009AF577 /* ContentView.swift */; };
		AFD908F929A7F9D2009AF577 /* Assets.xcassets in Resources */ = {isa = PBXBuildFile; fileRef = AFD908F829A7F9D2009AF577 /* Assets.xcassets */; };
		AFD908FD29A7F9D2009AF577 /* Preview Assets.xcassets in Resources */ = {isa = PBXBuildFile; fileRef = AFD908FC29A7F9D2009AF577 /* Preview Assets.xcassets */; };
		AFD9090E29A80EF3009AF577 /* sample-local-pdf.pdf in Resources */ = {isa = PBXBuildFile; fileRef = AFD9090D29A80EF3009AF577 /* sample-local-pdf.pdf */; };
/* End PBXBuildFile section */

/* Begin PBXFileReference section */
		AFD908F129A7F9D2009AF577 /* SBQuickLook_Example.app */ = {isa = PBXFileReference; explicitFileType = wrapper.application; includeInIndex = 0; path = SBQuickLook_Example.app; sourceTree = BUILT_PRODUCTS_DIR; };
		AFD908F429A7F9D2009AF577 /* SBQuickLook_ExampleApp.swift */ = {isa = PBXFileReference; lastKnownFileType = sourcecode.swift; path = SBQuickLook_ExampleApp.swift; sourceTree = "<group>"; };
		AFD908F629A7F9D2009AF577 /* ContentView.swift */ = {isa = PBXFileReference; lastKnownFileType = sourcecode.swift; path = ContentView.swift; sourceTree = "<group>"; };
		AFD908F829A7F9D2009AF577 /* Assets.xcassets */ = {isa = PBXFileReference; lastKnownFileType = folder.assetcatalog; path = Assets.xcassets; sourceTree = "<group>"; };
		AFD908FA29A7F9D2009AF577 /* SBQuickLook_Example.entitlements */ = {isa = PBXFileReference; lastKnownFileType = text.plist.entitlements; path = SBQuickLook_Example.entitlements; sourceTree = "<group>"; };
		AFD908FC29A7F9D2009AF577 /* Preview Assets.xcassets */ = {isa = PBXFileReference; lastKnownFileType = folder.assetcatalog; path = "Preview Assets.xcassets"; sourceTree = "<group>"; };
		AFD9090D29A80EF3009AF577 /* sample-local-pdf.pdf */ = {isa = PBXFileReference; lastKnownFileType = image.pdf; path = "sample-local-pdf.pdf"; sourceTree = "<group>"; };
/* End PBXFileReference section */

/* Begin PBXFrameworksBuildPhase section */
		AFD908EE29A7F9D2009AF577 /* Frameworks */ = {
			isa = PBXFrameworksBuildPhase;
			buildActionMask = 2147483647;
			files = (
				AF9644F729AB2734004B9F6E /* SBQuickLook in Frameworks */,
			);
			runOnlyForDeploymentPostprocessing = 0;
		};
/* End PBXFrameworksBuildPhase section */

/* Begin PBXGroup section */
		AFD908E829A7F9D1009AF577 = {
			isa = PBXGroup;
			children = (
				AFD908F329A7F9D2009AF577 /* SBQuickLook_Example */,
				AFD908F229A7F9D2009AF577 /* Products */,
			);
			sourceTree = "<group>";
		};
		AFD908F229A7F9D2009AF577 /* Products */ = {
			isa = PBXGroup;
			children = (
				AFD908F129A7F9D2009AF577 /* SBQuickLook_Example.app */,
			);
			name = Products;
			sourceTree = "<group>";
		};
		AFD908F329A7F9D2009AF577 /* SBQuickLook_Example */ = {
			isa = PBXGroup;
			children = (
				AFD908F429A7F9D2009AF577 /* SBQuickLook_ExampleApp.swift */,
				AFD908F629A7F9D2009AF577 /* ContentView.swift */,
				AFD9090D29A80EF3009AF577 /* sample-local-pdf.pdf */,
				AFD908F829A7F9D2009AF577 /* Assets.xcassets */,
				AFD908FA29A7F9D2009AF577 /* SBQuickLook_Example.entitlements */,
				AFD908FB29A7F9D2009AF577 /* Preview Content */,
			);
			path = SBQuickLook_Example;
			sourceTree = "<group>";
		};
		AFD908FB29A7F9D2009AF577 /* Preview Content */ = {
			isa = PBXGroup;
			children = (
				AFD908FC29A7F9D2009AF577 /* Preview Assets.xcassets */,
			);
			path = "Preview Content";
			sourceTree = "<group>";
		};
/* End PBXGroup section */

/* Begin PBXNativeTarget section */
		AFD908F029A7F9D2009AF577 /* SBQuickLook_Example */ = {
			isa = PBXNativeTarget;
			buildConfigurationList = AFD9090029A7F9D2009AF577 /* Build configuration list for PBXNativeTarget "SBQuickLook_Example" */;
			buildPhases = (
				AFD908ED29A7F9D2009AF577 /* Sources */,
				AFD908EE29A7F9D2009AF577 /* Frameworks */,
				AFD908EF29A7F9D2009AF577 /* Resources */,
			);
			buildRules = (
			);
			dependencies = (
			);
			name = SBQuickLook_Example;
			packageProductDependencies = (
				AF9644F629AB2734004B9F6E /* SBQuickLook */,
			);
			productName = SBQuickLook_Example;
			productReference = AFD908F129A7F9D2009AF577 /* SBQuickLook_Example.app */;
			productType = "com.apple.product-type.application";
		};
/* End PBXNativeTarget section */

/* Begin PBXProject section */
		AFD908E929A7F9D1009AF577 /* Project object */ = {
			isa = PBXProject;
			attributes = {
				BuildIndependentTargetsInParallel = 1;
				LastSwiftUpdateCheck = 1420;
				LastUpgradeCheck = 1420;
				TargetAttributes = {
					AFD908F029A7F9D2009AF577 = {
						CreatedOnToolsVersion = 14.2;
					};
				};
			};
			buildConfigurationList = AFD908EC29A7F9D1009AF577 /* Build configuration list for PBXProject "SBQuickLook_Example" */;
			compatibilityVersion = "Xcode 14.0";
			developmentRegion = en;
			hasScannedForEncodings = 0;
			knownRegions = (
				en,
				Base,
			);
			mainGroup = AFD908E829A7F9D1009AF577;
			packageReferences = (
				AF9644F529AB2734004B9F6E /* XCRemoteSwiftPackageReference "SBQuickLook" */,
			);
			productRefGroup = AFD908F229A7F9D2009AF577 /* Products */;
			projectDirPath = "";
			projectRoot = "";
			targets = (
				AFD908F029A7F9D2009AF577 /* SBQuickLook_Example */,
			);
		};
/* End PBXProject section */

/* Begin PBXResourcesBuildPhase section */
		AFD908EF29A7F9D2009AF577 /* Resources */ = {
			isa = PBXResourcesBuildPhase;
			buildActionMask = 2147483647;
			files = (
				AFD9090E29A80EF3009AF577 /* sample-local-pdf.pdf in Resources */,
				AFD908FD29A7F9D2009AF577 /* Preview Assets.xcassets in Resources */,
				AFD908F929A7F9D2009AF577 /* Assets.xcassets in Resources */,
			);
			runOnlyForDeploymentPostprocessing = 0;
		};
/* End PBXResourcesBuildPhase section */

/* Begin PBXSourcesBuildPhase section */
		AFD908ED29A7F9D2009AF577 /* Sources */ = {
			isa = PBXSourcesBuildPhase;
			buildActionMask = 2147483647;
			files = (
				AFD908F729A7F9D2009AF577 /* ContentView.swift in Sources */,
				AFD908F529A7F9D2009AF577 /* SBQuickLook_ExampleApp.swift in Sources */,
			);
			runOnlyForDeploymentPostprocessing = 0;
		};
/* End PBXSourcesBuildPhase section */

/* Begin XCBuildConfiguration section */
		AFD908FE29A7F9D2009AF577 /* Debug */ = {
			isa = XCBuildConfiguration;
			buildSettings = {
				ALWAYS_SEARCH_USER_PATHS = NO;
				CLANG_ANALYZER_NONNULL = YES;
				CLANG_ANALYZER_NUMBER_OBJECT_CONVERSION = YES_AGGRESSIVE;
				CLANG_CXX_LANGUAGE_STANDARD = "gnu++20";
				CLANG_ENABLE_MODULES = YES;
				CLANG_ENABLE_OBJC_ARC = YES;
				CLANG_ENABLE_OBJC_WEAK = YES;
				CLANG_WARN_BLOCK_CAPTURE_AUTORELEASING = YES;
				CLANG_WARN_BOOL_CONVERSION = YES;
				CLANG_WARN_COMMA = YES;
				CLANG_WARN_CONSTANT_CONVERSION = YES;
				CLANG_WARN_DEPRECATED_OBJC_IMPLEMENTATIONS = YES;
				CLANG_WARN_DIRECT_OBJC_ISA_USAGE = YES_ERROR;
				CLANG_WARN_DOCUMENTATION_COMMENTS = YES;
				CLANG_WARN_EMPTY_BODY = YES;
				CLANG_WARN_ENUM_CONVERSION = YES;
				CLANG_WARN_INFINITE_RECURSION = YES;
				CLANG_WARN_INT_CONVERSION = YES;
				CLANG_WARN_NON_LITERAL_NULL_CONVERSION = YES;
				CLANG_WARN_OBJC_IMPLICIT_RETAIN_SELF = YES;
				CLANG_WARN_OBJC_LITERAL_CONVERSION = YES;
				CLANG_WARN_OBJC_ROOT_CLASS = YES_ERROR;
				CLANG_WARN_QUOTED_INCLUDE_IN_FRAMEWORK_HEADER = YES;
				CLANG_WARN_RANGE_LOOP_ANALYSIS = YES;
				CLANG_WARN_STRICT_PROTOTYPES = YES;
				CLANG_WARN_SUSPICIOUS_MOVE = YES;
				CLANG_WARN_UNGUARDED_AVAILABILITY = YES_AGGRESSIVE;
				CLANG_WARN_UNREACHABLE_CODE = YES;
				CLANG_WARN__DUPLICATE_METHOD_MATCH = YES;
				COPY_PHASE_STRIP = NO;
				DEBUG_INFORMATION_FORMAT = dwarf;
				ENABLE_STRICT_OBJC_MSGSEND = YES;
				ENABLE_TESTABILITY = YES;
				GCC_C_LANGUAGE_STANDARD = gnu11;
				GCC_DYNAMIC_NO_PIC = NO;
				GCC_NO_COMMON_BLOCKS = YES;
				GCC_OPTIMIZATION_LEVEL = 0;
				GCC_PREPROCESSOR_DEFINITIONS = (
					"DEBUG=1",
					"$(inherited)",
				);
				GCC_WARN_64_TO_32_BIT_CONVERSION = YES;
				GCC_WARN_ABOUT_RETURN_TYPE = YES_ERROR;
				GCC_WARN_UNDECLARED_SELECTOR = YES;
				GCC_WARN_UNINITIALIZED_AUTOS = YES_AGGRESSIVE;
				GCC_WARN_UNUSED_FUNCTION = YES;
				GCC_WARN_UNUSED_VARIABLE = YES;
				MTL_ENABLE_DEBUG_INFO = INCLUDE_SOURCE;
				MTL_FAST_MATH = YES;
				ONLY_ACTIVE_ARCH = YES;
				SWIFT_ACTIVE_COMPILATION_CONDITIONS = DEBUG;
				SWIFT_OPTIMIZATION_LEVEL = "-Onone";
			};
			name = Debug;
		};
		AFD908FF29A7F9D2009AF577 /* Release */ = {
			isa = XCBuildConfiguration;
			buildSettings = {
				ALWAYS_SEARCH_USER_PATHS = NO;
				CLANG_ANALYZER_NONNULL = YES;
				CLANG_ANALYZER_NUMBER_OBJECT_CONVERSION = YES_AGGRESSIVE;
				CLANG_CXX_LANGUAGE_STANDARD = "gnu++20";
				CLANG_ENABLE_MODULES = YES;
				CLANG_ENABLE_OBJC_ARC = YES;
				CLANG_ENABLE_OBJC_WEAK = YES;
				CLANG_WARN_BLOCK_CAPTURE_AUTORELEASING = YES;
				CLANG_WARN_BOOL_CONVERSION = YES;
				CLANG_WARN_COMMA = YES;
				CLANG_WARN_CONSTANT_CONVERSION = YES;
				CLANG_WARN_DEPRECATED_OBJC_IMPLEMENTATIONS = YES;
				CLANG_WARN_DIRECT_OBJC_ISA_USAGE = YES_ERROR;
				CLANG_WARN_DOCUMENTATION_COMMENTS = YES;
				CLANG_WARN_EMPTY_BODY = YES;
				CLANG_WARN_ENUM_CONVERSION = YES;
				CLANG_WARN_INFINITE_RECURSION = YES;
				CLANG_WARN_INT_CONVERSION = YES;
				CLANG_WARN_NON_LITERAL_NULL_CONVERSION = YES;
				CLANG_WARN_OBJC_IMPLICIT_RETAIN_SELF = YES;
				CLANG_WARN_OBJC_LITERAL_CONVERSION = YES;
				CLANG_WARN_OBJC_ROOT_CLASS = YES_ERROR;
				CLANG_WARN_QUOTED_INCLUDE_IN_FRAMEWORK_HEADER = YES;
				CLANG_WARN_RANGE_LOOP_ANALYSIS = YES;
				CLANG_WARN_STRICT_PROTOTYPES = YES;
				CLANG_WARN_SUSPICIOUS_MOVE = YES;
				CLANG_WARN_UNGUARDED_AVAILABILITY = YES_AGGRESSIVE;
				CLANG_WARN_UNREACHABLE_CODE = YES;
				CLANG_WARN__DUPLICATE_METHOD_MATCH = YES;
				COPY_PHASE_STRIP = NO;
				DEBUG_INFORMATION_FORMAT = "dwarf-with-dsym";
				ENABLE_NS_ASSERTIONS = NO;
				ENABLE_STRICT_OBJC_MSGSEND = YES;
				GCC_C_LANGUAGE_STANDARD = gnu11;
				GCC_NO_COMMON_BLOCKS = YES;
				GCC_WARN_64_TO_32_BIT_CONVERSION = YES;
				GCC_WARN_ABOUT_RETURN_TYPE = YES_ERROR;
				GCC_WARN_UNDECLARED_SELECTOR = YES;
				GCC_WARN_UNINITIALIZED_AUTOS = YES_AGGRESSIVE;
				GCC_WARN_UNUSED_FUNCTION = YES;
				GCC_WARN_UNUSED_VARIABLE = YES;
				MTL_ENABLE_DEBUG_INFO = NO;
				MTL_FAST_MATH = YES;
				SWIFT_COMPILATION_MODE = wholemodule;
				SWIFT_OPTIMIZATION_LEVEL = "-O";
			};
			name = Release;
		};
		AFD9090129A7F9D2009AF577 /* Debug */ = {
			isa = XCBuildConfiguration;
			buildSettings = {
				ASSETCATALOG_COMPILER_APPICON_NAME = AppIcon;
				ASSETCATALOG_COMPILER_GLOBAL_ACCENT_COLOR_NAME = AccentColor;
				CODE_SIGN_ENTITLEMENTS = SBQuickLook_Example/SBQuickLook_Example.entitlements;
				CODE_SIGN_STYLE = Automatic;
				CURRENT_PROJECT_VERSION = 1;
				DEVELOPMENT_ASSET_PATHS = "\"SBQuickLook_Example/Preview Content\"";
				ENABLE_PREVIEWS = YES;
				GENERATE_INFOPLIST_FILE = YES;
				"INFOPLIST_KEY_UIApplicationSceneManifest_Generation[sdk=iphoneos*]" = YES;
				"INFOPLIST_KEY_UIApplicationSceneManifest_Generation[sdk=iphonesimulator*]" = YES;
				"INFOPLIST_KEY_UIApplicationSupportsIndirectInputEvents[sdk=iphoneos*]" = YES;
				"INFOPLIST_KEY_UIApplicationSupportsIndirectInputEvents[sdk=iphonesimulator*]" = YES;
				"INFOPLIST_KEY_UILaunchScreen_Generation[sdk=iphoneos*]" = YES;
				"INFOPLIST_KEY_UILaunchScreen_Generation[sdk=iphonesimulator*]" = YES;
				"INFOPLIST_KEY_UIStatusBarStyle[sdk=iphoneos*]" = UIStatusBarStyleDefault;
				"INFOPLIST_KEY_UIStatusBarStyle[sdk=iphonesimulator*]" = UIStatusBarStyleDefault;
				INFOPLIST_KEY_UISupportedInterfaceOrientations_iPad = "UIInterfaceOrientationPortrait UIInterfaceOrientationPortraitUpsideDown UIInterfaceOrientationLandscapeLeft UIInterfaceOrientationLandscapeRight";
				INFOPLIST_KEY_UISupportedInterfaceOrientations_iPhone = "UIInterfaceOrientationPortrait UIInterfaceOrientationLandscapeLeft UIInterfaceOrientationLandscapeRight";
				IPHONEOS_DEPLOYMENT_TARGET = 14.0;
				LD_RUNPATH_SEARCH_PATHS = "@executable_path/Frameworks";
				"LD_RUNPATH_SEARCH_PATHS[sdk=macosx*]" = "@executable_path/../Frameworks";
				MACOSX_DEPLOYMENT_TARGET = 13.1;
				MARKETING_VERSION = 1.0;
				PRODUCT_BUNDLE_IDENTIFIER = "de.sebastianbaar.SBQuickLook-Example";
				PRODUCT_NAME = "$(TARGET_NAME)";
				SDKROOT = auto;
				SUPPORTED_PLATFORMS = "iphoneos iphonesimulator";
				SUPPORTS_MACCATALYST = NO;
				SUPPORTS_MAC_DESIGNED_FOR_IPHONE_IPAD = NO;
				SWIFT_EMIT_LOC_STRINGS = YES;
				SWIFT_VERSION = 5.0;
				TARGETED_DEVICE_FAMILY = "1,2";
			};
			name = Debug;
		};
		AFD9090229A7F9D2009AF577 /* Release */ = {
			isa = XCBuildConfiguration;
			buildSettings = {
				ASSETCATALOG_COMPILER_APPICON_NAME = AppIcon;
				ASSETCATALOG_COMPILER_GLOBAL_ACCENT_COLOR_NAME = AccentColor;
				CODE_SIGN_ENTITLEMENTS = SBQuickLook_Example/SBQuickLook_Example.entitlements;
				CODE_SIGN_STYLE = Automatic;
				CURRENT_PROJECT_VERSION = 1;
				DEVELOPMENT_ASSET_PATHS = "\"SBQuickLook_Example/Preview Content\"";
				ENABLE_PREVIEWS = YES;
				GENERATE_INFOPLIST_FILE = YES;
				"INFOPLIST_KEY_UIApplicationSceneManifest_Generation[sdk=iphoneos*]" = YES;
				"INFOPLIST_KEY_UIApplicationSceneManifest_Generation[sdk=iphonesimulator*]" = YES;
				"INFOPLIST_KEY_UIApplicationSupportsIndirectInputEvents[sdk=iphoneos*]" = YES;
				"INFOPLIST_KEY_UIApplicationSupportsIndirectInputEvents[sdk=iphonesimulator*]" = YES;
				"INFOPLIST_KEY_UILaunchScreen_Generation[sdk=iphoneos*]" = YES;
				"INFOPLIST_KEY_UILaunchScreen_Generation[sdk=iphonesimulator*]" = YES;
				"INFOPLIST_KEY_UIStatusBarStyle[sdk=iphoneos*]" = UIStatusBarStyleDefault;
				"INFOPLIST_KEY_UIStatusBarStyle[sdk=iphonesimulator*]" = UIStatusBarStyleDefault;
				INFOPLIST_KEY_UISupportedInterfaceOrientations_iPad = "UIInterfaceOrientationPortrait UIInterfaceOrientationPortraitUpsideDown UIInterfaceOrientationLandscapeLeft UIInterfaceOrientationLandscapeRight";
				INFOPLIST_KEY_UISupportedInterfaceOrientations_iPhone = "UIInterfaceOrientationPortrait UIInterfaceOrientationLandscapeLeft UIInterfaceOrientationLandscapeRight";
				IPHONEOS_DEPLOYMENT_TARGET = 14.0;
				LD_RUNPATH_SEARCH_PATHS = "@executable_path/Frameworks";
				"LD_RUNPATH_SEARCH_PATHS[sdk=macosx*]" = "@executable_path/../Frameworks";
				MACOSX_DEPLOYMENT_TARGET = 13.1;
				MARKETING_VERSION = 1.0;
				PRODUCT_BUNDLE_IDENTIFIER = "de.sebastianbaar.SBQuickLook-Example";
				PRODUCT_NAME = "$(TARGET_NAME)";
				SDKROOT = auto;
				SUPPORTED_PLATFORMS = "iphoneos iphonesimulator";
				SUPPORTS_MACCATALYST = NO;
				SUPPORTS_MAC_DESIGNED_FOR_IPHONE_IPAD = NO;
				SWIFT_EMIT_LOC_STRINGS = YES;
				SWIFT_VERSION = 5.0;
				TARGETED_DEVICE_FAMILY = "1,2";
			};
			name = Release;
		};
/* End XCBuildConfiguration section */

/* Begin XCConfigurationList section */
		AFD908EC29A7F9D1009AF577 /* Build configuration list for PBXProject "SBQuickLook_Example" */ = {
			isa = XCConfigurationList;
			buildConfigurations = (
				AFD908FE29A7F9D2009AF577 /* Debug */,
				AFD908FF29A7F9D2009AF577 /* Release */,
			);
			defaultConfigurationIsVisible = 0;
			defaultConfigurationName = Release;
		};
		AFD9090029A7F9D2009AF577 /* Build configuration list for PBXNativeTarget "SBQuickLook_Example" */ = {
			isa = XCConfigurationList;
			buildConfigurations = (
				AFD9090129A7F9D2009AF577 /* Debug */,
				AFD9090229A7F9D2009AF577 /* Release */,
			);
			defaultConfigurationIsVisible = 0;
			defaultConfigurationName = Release;
		};
/* End XCConfigurationList section */

/* Begin XCRemoteSwiftPackageReference section */
		AF9644F529AB2734004B9F6E /* XCRemoteSwiftPackageReference "SBQuickLook" */ = {
			isa = XCRemoteSwiftPackageReference;
			repositoryURL = "https://github.com/sebastianbaar/SBQuickLook";
			requirement = {
				kind = exactVersion;
				version = 1.0.1;
			};
		};
/* End XCRemoteSwiftPackageReference section */

/* Begin XCSwiftPackageProductDependency section */
		AF9644F629AB2734004B9F6E /* SBQuickLook */ = {
			isa = XCSwiftPackageProductDependency;
			package = AF9644F529AB2734004B9F6E /* XCRemoteSwiftPackageReference "SBQuickLook" */;
			productName = SBQuickLook;
		};
/* End XCSwiftPackageProductDependency section */
	};
	rootObject = AFD908E929A7F9D1009AF577 /* Project object */;
}
