{
  "pins" : [
    {
      "identity" : "sbquicklook",
      "kind" : "remoteSourceControl",
      "location" : "https://github.com/sebastianbaar/SBQuickLook.git",
      "state" : {
        "branch" : "main",
        "revision" : "e749d1edd6cc95b069c678a821f7ad82d1033a57"
      }
    }
  ],
  "version" : 2
}
