{
  "pins" : [
    {
      "identity" : "sbquicklook",
      "kind" : "remoteSourceControl",
      "location" : "https://github.com/sebastianbaar/SBQuickLook.git",
      "state" : {
        "revision" : "b4dbabe0584a5c4889e806fe7f4b1d7cff08ca08",
        "version" : "1.0.1"
      }
    }
  ],
  "version" : 2
}
