{
  "pins" : [
    {
      "identity" : "sbquicklook",
      "kind" : "remoteSourceControl",
      "location" : "https://github.com/sebastianbaar/SBQuickLook.git",
      "state" : {
        "branch" : "main",
        "revision" : "b6201908e31915de1b1379db4bb73e1491d2903b"
      }
    }
  ],
  "version" : 2
}
